
Microsoft Visual Studio Solution File, Format Version 12.00
# Visual Studio Version 17
VisualStudioVersion = 17.10.35122.118
MinimumVisualStudioVersion = 10.0.40219.1
Project("{FAE04EC0-301F-11D3-BF4B-00C04F79EFBC}") = "StockPredictionAPI", "StockPredictionAPI.csproj", "{174BD534-C21C-46A8-B4C9-9B60C8413545}"
EndProject
Project("{FAE04EC0-301F-11D3-BF4B-00C04F79EFBC}") = "StockPredictionUI", "..\StockPredictionUI\StockPredictionUI.csproj", "{9548C611-7B67-4422-8A65-800730FDE7A0}"
EndProject
Global
	GlobalSection(SolutionConfigurationPlatforms) = preSolution
		Debug|Any CPU = Debug|Any CPU
		Release|Any CPU = Release|Any CPU
	EndGlobalSection
	GlobalSection(ProjectConfigurationPlatforms) = postSolution
		{174BD534-C21C-46A8-B4C9-9B60C8413545}.Debug|Any CPU.ActiveCfg = Debug|Any CPU
		{174BD534-C21C-46A8-B4C9-9B60C8413545}.Debug|Any CPU.Build.0 = Debug|Any CPU
		{174BD534-C21C-46A8-B4C9-9B60C8413545}.Release|Any CPU.ActiveCfg = Release|Any CPU
		{174BD534-C21C-46A8-B4C9-9B60C8413545}.Release|Any CPU.Build.0 = Release|Any CPU
		{9548C611-7B67-4422-8A65-800730FDE7A0}.Debug|Any CPU.ActiveCfg = Debug|Any CPU
		{9548C611-7B67-4422-8A65-800730FDE7A0}.Debug|Any CPU.Build.0 = Debug|Any CPU
		{9548C611-7B67-4422-8A65-800730FDE7A0}.Release|Any CPU.ActiveCfg = Release|Any CPU
		{9548C611-7B67-4422-8A65-800730FDE7A0}.Release|Any CPU.Build.0 = Release|Any CPU
	EndGlobalSection
	GlobalSection(SolutionProperties) = preSolution
		HideSolutionNode = FALSE
	EndGlobalSection
	GlobalSection(ExtensibilityGlobals) = postSolution
		SolutionGuid = {1828B73B-936C-40EA-A9EF-13C9F5211E35}
	EndGlobalSection
EndGlobal
